
Microsoft Visual Studio Solution File, Format Version 12.00
# Visual Studio Version 16
VisualStudioVersion = 16.0.31321.278
MinimumVisualStudioVersion = 10.0.40219.1
Project("{FAE04EC0-301F-11D3-BF4B-00C04F79EFBC}") = "PuttyManager", "PuttyManager\PuttyManager.csproj", "{ED423620-F682-4057-9DAB-22058370A4B5}"
EndProject
Global
	GlobalSection(SolutionConfigurationPlatforms) = preSolution
		Debug|Any CPU = Debug|Any CPU
		Release|Any CPU = Release|Any CPU
	EndGlobalSection
	GlobalSection(ProjectConfigurationPlatforms) = postSolution
		{ED423620-F682-4057-9DAB-22058370A4B5}.Debug|Any CPU.ActiveCfg = Debug|Any CPU
		{ED423620-F682-4057-9DAB-22058370A4B5}.Debug|Any CPU.Build.0 = Debug|Any CPU
		{ED423620-F682-4057-9DAB-22058370A4B5}.Release|Any CPU.ActiveCfg = Release|Any CPU
		{ED423620-F682-4057-9DAB-22058370A4B5}.Release|Any CPU.Build.0 = Release|Any CPU
	EndGlobalSection
	GlobalSection(SolutionProperties) = preSolution
		HideSolutionNode = FALSE
	EndGlobalSection
	GlobalSection(ExtensibilityGlobals) = postSolution
		SolutionGuid = {E72AD94C-FCBD-4F1E-884E-B2D5DFB49770}
	EndGlobalSection
EndGlobal
